
Microsoft Visual Studio Solution File, Format Version 12.00
# Visual Studio Version 16
VisualStudioVersion = 16.0.32106.194
MinimumVisualStudioVersion = 10.0.40219.1
Project("{FAE04EC0-301F-11D3-BF4B-00C04F79EFBC}") = "Practic2Kustov", "Practic2Kustov\Practic2Kustov.csproj", "{A0813443-B215-498A-A684-6B69F22C1905}"
EndProject
Global
	GlobalSection(SolutionConfigurationPlatforms) = preSolution
		Debug|Any CPU = Debug|Any CPU
		Release|Any CPU = Release|Any CPU
	EndGlobalSection
	GlobalSection(ProjectConfigurationPlatforms) = postSolution
		{A0813443-B215-498A-A684-6B69F22C1905}.Debug|Any CPU.ActiveCfg = Debug|Any CPU
		{A0813443-B215-498A-A684-6B69F22C1905}.Debug|Any CPU.Build.0 = Debug|Any CPU
		{A0813443-B215-498A-A684-6B69F22C1905}.Release|Any CPU.ActiveCfg = Release|Any CPU
		{A0813443-B215-498A-A684-6B69F22C1905}.Release|Any CPU.Build.0 = Release|Any CPU
	EndGlobalSection
	GlobalSection(SolutionProperties) = preSolution
		HideSolutionNode = FALSE
	EndGlobalSection
	GlobalSection(ExtensibilityGlobals) = postSolution
		SolutionGuid = {74424473-4B9A-46F6-A525-233B6C536699}
	EndGlobalSection
EndGlobal
